Microsoft Visual Studio Solution File, Format Version 12.00
# Visual Studio Version 17
VisualStudioVersion = 17.13.35818.85
MinimumVisualStudioVersion = 10.0.40219.1
Project("{FAE04EC0-301F-11D3-BF4B-00C04F79EFBC}") = "task4", "task4\task4.csproj", "{6DAE7AB1-CB7F-4251-BA54-2E241CC73970}"
EndProject
Global
	GlobalSection(SolutionConfigurationPlatforms) = preSolution
		Debug|Any CPU = Debug|Any CPU
		Release|Any CPU = Release|Any CPU
	EndGlobalSection
	GlobalSection(ProjectConfigurationPlatforms) = postSolution
		{6DAE7AB1-CB7F-4251-BA54-2E241CC73970}.Debug|Any CPU.ActiveCfg = Debug|Any CPU
		{6DAE7AB1-CB7F-4251-BA54-2E241CC73970}.Debug|Any CPU.Build.0 = Debug|Any CPU
		{6DAE7AB1-CB7F-4251-BA54-2E241CC73970}.Release|Any CPU.ActiveCfg = Release|Any CPU
		{6DAE7AB1-CB7F-4251-BA54-2E241CC73970}.Release|Any CPU.Build.0 = Release|Any CPU
	EndGlobalSection
	GlobalSection(SolutionProperties) = preSolution
		HideSolutionNode = FALSE
	EndGlobalSection
	GlobalSection(ExtensibilityGlobals) = postSolution
		SolutionGuid = {F2435C14-2B8F-45F7-B12E-30C94C3776F3}
	EndGlobalSection
EndGlobal
